// !$*UTF8*$!
{
	archiveVersion = 1;
	classes = {
	};
	objectVersion = 56;
	objects = {

/* Begin PBXBuildFile section */
		5D7076882BEC0E7B002D90AB /* Popup in Frameworks */ = {isa = PBXBuildFile; productRef = 5D7076872BEC0E7B002D90AB /* Popup */; };
		5D70768A2BEC1C47002D90AB /* CounterFeature.swift in Sources */ = {isa = PBXBuildFile; fileRef = 5D7076892BEC1C47002D90AB /* CounterFeature.swift */; };
		5DEC0B392BEA700100A9E3A1 /* SharedTestApp.swift in Sources */ = {isa = PBXBuildFile; fileRef = 5DEC0B382BEA700100A9E3A1 /* SharedTestApp.swift */; };
		5DEC0B3B2BEA700100A9E3A1 /* AppFeature.swift in Sources */ = {isa = PBXBuildFile; fileRef = 5DEC0B3A2BEA700100A9E3A1 /* AppFeature.swift */; };
		5DEC0B3D2BEA700200A9E3A1 /* Assets.xcassets in Resources */ = {isa = PBXBuildFile; fileRef = 5DEC0B3C2BEA700200A9E3A1 /* Assets.xcassets */; };
		5DEC0B412BEA700200A9E3A1 /* Preview Assets.xcassets in Resources */ = {isa = PBXBuildFile; fileRef = 5DEC0B402BEA700200A9E3A1 /* Preview Assets.xcassets */; };
		5DEC0B492BEA702800A9E3A1 /* ComposableArchitecture in Frameworks */ = {isa = PBXBuildFile; productRef = 5DEC0B482BEA702800A9E3A1 /* ComposableArchitecture */; };
		5DEC0B4B2BEA713E00A9E3A1 /* ChildFeature.swift in Sources */ = {isa = PBXBuildFile; fileRef = 5DEC0B4A2BEA713E00A9E3A1 /* ChildFeature.swift */; };
		5DEC0B4D2BEA731F00A9E3A1 /* Shared.swift in Sources */ = {isa = PBXBuildFile; fileRef = 5DEC0B4C2BEA731F00A9E3A1 /* Shared.swift */; };
/* End PBXBuildFile section */

/* Begin PBXFileReference section */
		5D7076892BEC1C47002D90AB /* CounterFeature.swift */ = {isa = PBXFileReference; lastKnownFileType = sourcecode.swift; path = CounterFeature.swift; sourceTree = "<group>"; };
		5DEC0B352BEA700100A9E3A1 /* SharedTest.app */ = {isa = PBXFileReference; explicitFileType = wrapper.application; includeInIndex = 0; path = SharedTest.app; sourceTree = BUILT_PRODUCTS_DIR; };
		5DEC0B382BEA700100A9E3A1 /* SharedTestApp.swift */ = {isa = PBXFileReference; lastKnownFileType = sourcecode.swift; path = SharedTestApp.swift; sourceTree = "<group>"; };
		5DEC0B3A2BEA700100A9E3A1 /* AppFeature.swift */ = {isa = PBXFileReference; lastKnownFileType = sourcecode.swift; path = AppFeature.swift; sourceTree = "<group>"; };
		5DEC0B3C2BEA700200A9E3A1 /* Assets.xcassets */ = {isa = PBXFileReference; lastKnownFileType = folder.assetcatalog; path = Assets.xcassets; sourceTree = "<group>"; };
		5DEC0B3E2BEA700200A9E3A1 /* SharedTest.entitlements */ = {isa = PBXFileReference; lastKnownFileType = text.plist.entitlements; path = SharedTest.entitlements; sourceTree = "<group>"; };
		5DEC0B402BEA700200A9E3A1 /* Preview Assets.xcassets */ = {isa = PBXFileReference; lastKnownFileType = folder.assetcatalog; path = "Preview Assets.xcassets"; sourceTree = "<group>"; };
		5DEC0B4A2BEA713E00A9E3A1 /* ChildFeature.swift */ = {isa = PBXFileReference; lastKnownFileType = sourcecode.swift; path = ChildFeature.swift; sourceTree = "<group>"; };
		5DEC0B4C2BEA731F00A9E3A1 /* Shared.swift */ = {isa = PBXFileReference; lastKnownFileType = sourcecode.swift; path = Shared.swift; sourceTree = "<group>"; };
/* End PBXFileReference section */

/* Begin PBXFrameworksBuildPhase section */
		5DEC0B322BEA700100A9E3A1 /* Frameworks */ = {
			isa = PBXFrameworksBuildPhase;
			buildActionMask = 2147483647;
			files = (
				5DEC0B492BEA702800A9E3A1 /* ComposableArchitecture in Frameworks */,
				5D7076882BEC0E7B002D90AB /* Popup in Frameworks */,
			);
			runOnlyForDeploymentPostprocessing = 0;
		};
/* End PBXFrameworksBuildPhase section */

/* Begin PBXGroup section */
		5DEC0B2C2BEA700100A9E3A1 = {
			isa = PBXGroup;
			children = (
				5DEC0B372BEA700100A9E3A1 /* SharedTest */,
				5DEC0B362BEA700100A9E3A1 /* Products */,
			);
			sourceTree = "<group>";
		};
		5DEC0B362BEA700100A9E3A1 /* Products */ = {
			isa = PBXGroup;
			children = (
				5DEC0B352BEA700100A9E3A1 /* SharedTest.app */,
			);
			name = Products;
			sourceTree = "<group>";
		};
		5DEC0B372BEA700100A9E3A1 /* SharedTest */ = {
			isa = PBXGroup;
			children = (
				5DEC0B382BEA700100A9E3A1 /* SharedTestApp.swift */,
				5DEC0B3A2BEA700100A9E3A1 /* AppFeature.swift */,
				5DEC0B4A2BEA713E00A9E3A1 /* ChildFeature.swift */,
				5DEC0B4C2BEA731F00A9E3A1 /* Shared.swift */,
				5DEC0B3C2BEA700200A9E3A1 /* Assets.xcassets */,
				5DEC0B3E2BEA700200A9E3A1 /* SharedTest.entitlements */,
				5DEC0B3F2BEA700200A9E3A1 /* Preview Content */,
				5D7076892BEC1C47002D90AB /* CounterFeature.swift */,
			);
			path = SharedTest;
			sourceTree = "<group>";
		};
		5DEC0B3F2BEA700200A9E3A1 /* Preview Content */ = {
			isa = PBXGroup;
			children = (
				5DEC0B402BEA700200A9E3A1 /* Preview Assets.xcassets */,
			);
			path = "Preview Content";
			sourceTree = "<group>";
		};
/* End PBXGroup section */

/* Begin PBXNativeTarget section */
		5DEC0B342BEA700100A9E3A1 /* SharedTest */ = {
			isa = PBXNativeTarget;
			buildConfigurationList = 5DEC0B442BEA700200A9E3A1 /* Build configuration list for PBXNativeTarget "SharedTest" */;
			buildPhases = (
				5DEC0B312BEA700100A9E3A1 /* Sources */,
				5DEC0B322BEA700100A9E3A1 /* Frameworks */,
				5DEC0B332BEA700100A9E3A1 /* Resources */,
			);
			buildRules = (
			);
			dependencies = (
			);
			name = SharedTest;
			packageProductDependencies = (
				5DEC0B482BEA702800A9E3A1 /* ComposableArchitecture */,
				5D7076872BEC0E7B002D90AB /* Popup */,
			);
			productName = SharedTest;
			productReference = 5DEC0B352BEA700100A9E3A1 /* SharedTest.app */;
			productType = "com.apple.product-type.application";
		};
/* End PBXNativeTarget section */

/* Begin PBXProject section */
		5DEC0B2D2BEA700100A9E3A1 /* Project object */ = {
			isa = PBXProject;
			attributes = {
				BuildIndependentTargetsInParallel = 1;
				LastSwiftUpdateCheck = 1530;
				LastUpgradeCheck = 1530;
				TargetAttributes = {
					5DEC0B342BEA700100A9E3A1 = {
						CreatedOnToolsVersion = 15.3;
					};
				};
			};
			buildConfigurationList = 5DEC0B302BEA700100A9E3A1 /* Build configuration list for PBXProject "SharedTest" */;
			compatibilityVersion = "Xcode 14.0";
			developmentRegion = en;
			hasScannedForEncodings = 0;
			knownRegions = (
				en,
				Base,
			);
			mainGroup = 5DEC0B2C2BEA700100A9E3A1;
			packageReferences = (
				5DEC0B472BEA702800A9E3A1 /* XCRemoteSwiftPackageReference "swift-composable-architecture" */,
				5D7076862BEC0E7B002D90AB /* XCRemoteSwiftPackageReference "Popup" */,
			);
			productRefGroup = 5DEC0B362BEA700100A9E3A1 /* Products */;
			projectDirPath = "";
			projectRoot = "";
			targets = (
				5DEC0B342BEA700100A9E3A1 /* SharedTest */,
			);
		};
/* End PBXProject section */

/* Begin PBXResourcesBuildPhase section */
		5DEC0B332BEA700100A9E3A1 /* Resources */ = {
			isa = PBXResourcesBuildPhase;
			buildActionMask = 2147483647;
			files = (
				5DEC0B412BEA700200A9E3A1 /* Preview Assets.xcassets in Resources */,
				5DEC0B3D2BEA700200A9E3A1 /* Assets.xcassets in Resources */,
			);
			runOnlyForDeploymentPostprocessing = 0;
		};
/* End PBXResourcesBuildPhase section */

/* Begin PBXSourcesBuildPhase section */
		5DEC0B312BEA700100A9E3A1 /* Sources */ = {
			isa = PBXSourcesBuildPhase;
			buildActionMask = 2147483647;
			files = (
				5DEC0B3B2BEA700100A9E3A1 /* AppFeature.swift in Sources */,
				5DEC0B4B2BEA713E00A9E3A1 /* ChildFeature.swift in Sources */,
				5DEC0B4D2BEA731F00A9E3A1 /* Shared.swift in Sources */,
				5D70768A2BEC1C47002D90AB /* CounterFeature.swift in Sources */,
				5DEC0B392BEA700100A9E3A1 /* SharedTestApp.swift in Sources */,
			);
			runOnlyForDeploymentPostprocessing = 0;
		};
/* End PBXSourcesBuildPhase section */

/* Begin XCBuildConfiguration section */
		5DEC0B422BEA700200A9E3A1 /* Debug */ = {
			isa = XCBuildConfiguration;
			buildSettings = {
				ALWAYS_SEARCH_USER_PATHS = NO;
				ASSETCATALOG_COMPILER_GENERATE_SWIFT_ASSET_SYMBOL_EXTENSIONS = YES;
				CLANG_ANALYZER_NONNULL = YES;
				CLANG_ANALYZER_NUMBER_OBJECT_CONVERSION = YES_AGGRESSIVE;
				CLANG_CXX_LANGUAGE_STANDARD = "gnu++20";
				CLANG_ENABLE_MODULES = YES;
				CLANG_ENABLE_OBJC_ARC = YES;
				CLANG_ENABLE_OBJC_WEAK = YES;
				CLANG_WARN_BLOCK_CAPTURE_AUTORELEASING = YES;
				CLANG_WARN_BOOL_CONVERSION = YES;
				CLANG_WARN_COMMA = YES;
				CLANG_WARN_CONSTANT_CONVERSION = YES;
				CLANG_WARN_DEPRECATED_OBJC_IMPLEMENTATIONS = YES;
				CLANG_WARN_DIRECT_OBJC_ISA_USAGE = YES_ERROR;
				CLANG_WARN_DOCUMENTATION_COMMENTS = YES;
				CLANG_WARN_EMPTY_BODY = YES;
				CLANG_WARN_ENUM_CONVERSION = YES;
				CLANG_WARN_INFINITE_RECURSION = YES;
				CLANG_WARN_INT_CONVERSION = YES;
				CLANG_WARN_NON_LITERAL_NULL_CONVERSION = YES;
				CLANG_WARN_OBJC_IMPLICIT_RETAIN_SELF = YES;
				CLANG_WARN_OBJC_LITERAL_CONVERSION = YES;
				CLANG_WARN_OBJC_ROOT_CLASS = YES_ERROR;
				CLANG_WARN_QUOTED_INCLUDE_IN_FRAMEWORK_HEADER = YES;
				CLANG_WARN_RANGE_LOOP_ANALYSIS = YES;
				CLANG_WARN_STRICT_PROTOTYPES = YES;
				CLANG_WARN_SUSPICIOUS_MOVE = YES;
				CLANG_WARN_UNGUARDED_AVAILABILITY = YES_AGGRESSIVE;
				CLANG_WARN_UNREACHABLE_CODE = YES;
				CLANG_WARN__DUPLICATE_METHOD_MATCH = YES;
				COPY_PHASE_STRIP = NO;
				DEBUG_INFORMATION_FORMAT = dwarf;
				ENABLE_STRICT_OBJC_MSGSEND = YES;
				ENABLE_TESTABILITY = YES;
				ENABLE_USER_SCRIPT_SANDBOXING = YES;
				GCC_C_LANGUAGE_STANDARD = gnu17;
				GCC_DYNAMIC_NO_PIC = NO;
				GCC_NO_COMMON_BLOCKS = YES;
				GCC_OPTIMIZATION_LEVEL = 0;
				GCC_PREPROCESSOR_DEFINITIONS = (
					"DEBUG=1",
					"$(inherited)",
				);
				GCC_WARN_64_TO_32_BIT_CONVERSION = YES;
				GCC_WARN_ABOUT_RETURN_TYPE = YES_ERROR;
				GCC_WARN_UNDECLARED_SELECTOR = YES;
				GCC_WARN_UNINITIALIZED_AUTOS = YES_AGGRESSIVE;
				GCC_WARN_UNUSED_FUNCTION = YES;
				GCC_WARN_UNUSED_VARIABLE = YES;
				LOCALIZATION_PREFERS_STRING_CATALOGS = YES;
				MTL_ENABLE_DEBUG_INFO = INCLUDE_SOURCE;
				MTL_FAST_MATH = YES;
				ONLY_ACTIVE_ARCH = YES;
				SWIFT_ACTIVE_COMPILATION_CONDITIONS = "DEBUG $(inherited)";
				SWIFT_OPTIMIZATION_LEVEL = "-Onone";
			};
			name = Debug;
		};
		5DEC0B432BEA700200A9E3A1 /* Release */ = {
			isa = XCBuildConfiguration;
			buildSettings = {
				ALWAYS_SEARCH_USER_PATHS = NO;
				ASSETCATALOG_COMPILER_GENERATE_SWIFT_ASSET_SYMBOL_EXTENSIONS = YES;
				CLANG_ANALYZER_NONNULL = YES;
				CLANG_ANALYZER_NUMBER_OBJECT_CONVERSION = YES_AGGRESSIVE;
				CLANG_CXX_LANGUAGE_STANDARD = "gnu++20";
				CLANG_ENABLE_MODULES = YES;
				CLANG_ENABLE_OBJC_ARC = YES;
				CLANG_ENABLE_OBJC_WEAK = YES;
				CLANG_WARN_BLOCK_CAPTURE_AUTORELEASING = YES;
				CLANG_WARN_BOOL_CONVERSION = YES;
				CLANG_WARN_COMMA = YES;
				CLANG_WARN_CONSTANT_CONVERSION = YES;
				CLANG_WARN_DEPRECATED_OBJC_IMPLEMENTATIONS = YES;
				CLANG_WARN_DIRECT_OBJC_ISA_USAGE = YES_ERROR;
				CLANG_WARN_DOCUMENTATION_COMMENTS = YES;
				CLANG_WARN_EMPTY_BODY = YES;
				CLANG_WARN_ENUM_CONVERSION = YES;
				CLANG_WARN_INFINITE_RECURSION = YES;
				CLANG_WARN_INT_CONVERSION = YES;
				CLANG_WARN_NON_LITERAL_NULL_CONVERSION = YES;
				CLANG_WARN_OBJC_IMPLICIT_RETAIN_SELF = YES;
				CLANG_WARN_OBJC_LITERAL_CONVERSION = YES;
				CLANG_WARN_OBJC_ROOT_CLASS = YES_ERROR;
				CLANG_WARN_QUOTED_INCLUDE_IN_FRAMEWORK_HEADER = YES;
				CLANG_WARN_RANGE_LOOP_ANALYSIS = YES;
				CLANG_WARN_STRICT_PROTOTYPES = YES;
				CLANG_WARN_SUSPICIOUS_MOVE = YES;
				CLANG_WARN_UNGUARDED_AVAILABILITY = YES_AGGRESSIVE;
				CLANG_WARN_UNREACHABLE_CODE = YES;
				CLANG_WARN__DUPLICATE_METHOD_MATCH = YES;
				COPY_PHASE_STRIP = NO;
				DEBUG_INFORMATION_FORMAT = "dwarf-with-dsym";
				ENABLE_NS_ASSERTIONS = NO;
				ENABLE_STRICT_OBJC_MSGSEND = YES;
				ENABLE_USER_SCRIPT_SANDBOXING = YES;
				GCC_C_LANGUAGE_STANDARD = gnu17;
				GCC_NO_COMMON_BLOCKS = YES;
				GCC_WARN_64_TO_32_BIT_CONVERSION = YES;
				GCC_WARN_ABOUT_RETURN_TYPE = YES_ERROR;
				GCC_WARN_UNDECLARED_SELECTOR = YES;
				GCC_WARN_UNINITIALIZED_AUTOS = YES_AGGRESSIVE;
				GCC_WARN_UNUSED_FUNCTION = YES;
				GCC_WARN_UNUSED_VARIABLE = YES;
				LOCALIZATION_PREFERS_STRING_CATALOGS = YES;
				MTL_ENABLE_DEBUG_INFO = NO;
				MTL_FAST_MATH = YES;
				SWIFT_COMPILATION_MODE = wholemodule;
			};
			name = Release;
		};
		5DEC0B452BEA700200A9E3A1 /* Debug */ = {
			isa = XCBuildConfiguration;
			buildSettings = {
				ASSETCATALOG_COMPILER_APPICON_NAME = AppIcon;
				ASSETCATALOG_COMPILER_GLOBAL_ACCENT_COLOR_NAME = AccentColor;
				CODE_SIGN_ENTITLEMENTS = SharedTest/SharedTest.entitlements;
				CODE_SIGN_STYLE = Automatic;
				CURRENT_PROJECT_VERSION = 1;
				DEVELOPMENT_ASSET_PATHS = "\"SharedTest/Preview Content\"";
				DEVELOPMENT_TEAM = C89KNBM28S;
				ENABLE_HARDENED_RUNTIME = YES;
				ENABLE_PREVIEWS = YES;
				GENERATE_INFOPLIST_FILE = YES;
				INFOPLIST_KEY_LSUIElement = YES;
				"INFOPLIST_KEY_UIApplicationSceneManifest_Generation[sdk=iphoneos*]" = YES;
				"INFOPLIST_KEY_UIApplicationSceneManifest_Generation[sdk=iphonesimulator*]" = YES;
				"INFOPLIST_KEY_UIApplicationSupportsIndirectInputEvents[sdk=iphoneos*]" = YES;
				"INFOPLIST_KEY_UIApplicationSupportsIndirectInputEvents[sdk=iphonesimulator*]" = YES;
				"INFOPLIST_KEY_UILaunchScreen_Generation[sdk=iphoneos*]" = YES;
				"INFOPLIST_KEY_UILaunchScreen_Generation[sdk=iphonesimulator*]" = YES;
				"INFOPLIST_KEY_UIStatusBarStyle[sdk=iphoneos*]" = UIStatusBarStyleDefault;
				"INFOPLIST_KEY_UIStatusBarStyle[sdk=iphonesimulator*]" = UIStatusBarStyleDefault;
				INFOPLIST_KEY_UISupportedInterfaceOrientations_iPad = "UIInterfaceOrientationPortrait UIInterfaceOrientationPortraitUpsideDown UIInterfaceOrientationLandscapeLeft UIInterfaceOrientationLandscapeRight";
				INFOPLIST_KEY_UISupportedInterfaceOrientations_iPhone = "UIInterfaceOrientationPortrait UIInterfaceOrientationLandscapeLeft UIInterfaceOrientationLandscapeRight";
				IPHONEOS_DEPLOYMENT_TARGET = 17.4;
				LD_RUNPATH_SEARCH_PATHS = "@executable_path/Frameworks";
				"LD_RUNPATH_SEARCH_PATHS[sdk=macosx*]" = "@executable_path/../Frameworks";
				MACOSX_DEPLOYMENT_TARGET = 14.2;
				MARKETING_VERSION = 1.0;
				PRODUCT_BUNDLE_IDENTIFIER = com.kuglee.SharedTest;
				PRODUCT_NAME = "$(TARGET_NAME)";
				SDKROOT = auto;
				SUPPORTED_PLATFORMS = "iphoneos iphonesimulator macosx";
				SWIFT_EMIT_LOC_STRINGS = YES;
				SWIFT_VERSION = 5.0;
				TARGETED_DEVICE_FAMILY = "1,2";
			};
			name = Debug;
		};
		5DEC0B462BEA700200A9E3A1 /* Release */ = {
			isa = XCBuildConfiguration;
			buildSettings = {
				ASSETCATALOG_COMPILER_APPICON_NAME = AppIcon;
				ASSETCATALOG_COMPILER_GLOBAL_ACCENT_COLOR_NAME = AccentColor;
				CODE_SIGN_ENTITLEMENTS = SharedTest/SharedTest.entitlements;
				CODE_SIGN_STYLE = Automatic;
				CURRENT_PROJECT_VERSION = 1;
				DEVELOPMENT_ASSET_PATHS = "\"SharedTest/Preview Content\"";
				DEVELOPMENT_TEAM = C89KNBM28S;
				ENABLE_HARDENED_RUNTIME = YES;
				ENABLE_PREVIEWS = YES;
				GENERATE_INFOPLIST_FILE = YES;
				INFOPLIST_KEY_LSUIElement = YES;
				"INFOPLIST_KEY_UIApplicationSceneManifest_Generation[sdk=iphoneos*]" = YES;
				"INFOPLIST_KEY_UIApplicationSceneManifest_Generation[sdk=iphonesimulator*]" = YES;
				"INFOPLIST_KEY_UIApplicationSupportsIndirectInputEvents[sdk=iphoneos*]" = YES;
				"INFOPLIST_KEY_UIApplicationSupportsIndirectInputEvents[sdk=iphonesimulator*]" = YES;
				"INFOPLIST_KEY_UILaunchScreen_Generation[sdk=iphoneos*]" = YES;
				"INFOPLIST_KEY_UILaunchScreen_Generation[sdk=iphonesimulator*]" = YES;
				"INFOPLIST_KEY_UIStatusBarStyle[sdk=iphoneos*]" = UIStatusBarStyleDefault;
				"INFOPLIST_KEY_UIStatusBarStyle[sdk=iphonesimulator*]" = UIStatusBarStyleDefault;
				INFOPLIST_KEY_UISupportedInterfaceOrientations_iPad = "UIInterfaceOrientationPortrait UIInterfaceOrientationPortraitUpsideDown UIInterfaceOrientationLandscapeLeft UIInterfaceOrientationLandscapeRight";
				INFOPLIST_KEY_UISupportedInterfaceOrientations_iPhone = "UIInterfaceOrientationPortrait UIInterfaceOrientationLandscapeLeft UIInterfaceOrientationLandscapeRight";
				IPHONEOS_DEPLOYMENT_TARGET = 17.4;
				LD_RUNPATH_SEARCH_PATHS = "@executable_path/Frameworks";
				"LD_RUNPATH_SEARCH_PATHS[sdk=macosx*]" = "@executable_path/../Frameworks";
				MACOSX_DEPLOYMENT_TARGET = 14.2;
				MARKETING_VERSION = 1.0;
				PRODUCT_BUNDLE_IDENTIFIER = com.kuglee.SharedTest;
				PRODUCT_NAME = "$(TARGET_NAME)";
				SDKROOT = auto;
				SUPPORTED_PLATFORMS = "iphoneos iphonesimulator macosx";
				SWIFT_EMIT_LOC_STRINGS = YES;
				SWIFT_VERSION = 5.0;
				TARGETED_DEVICE_FAMILY = "1,2";
			};
			name = Release;
		};
/* End XCBuildConfiguration section */

/* Begin XCConfigurationList section */
		5DEC0B302BEA700100A9E3A1 /* Build configuration list for PBXProject "SharedTest" */ = {
			isa = XCConfigurationList;
			buildConfigurations = (
				5DEC0B422BEA700200A9E3A1 /* Debug */,
				5DEC0B432BEA700200A9E3A1 /* Release */,
			);
			defaultConfigurationIsVisible = 0;
			defaultConfigurationName = Release;
		};
		5DEC0B442BEA700200A9E3A1 /* Build configuration list for PBXNativeTarget "SharedTest" */ = {
			isa = XCConfigurationList;
			buildConfigurations = (
				5DEC0B452BEA700200A9E3A1 /* Debug */,
				5DEC0B462BEA700200A9E3A1 /* Release */,
			);
			defaultConfigurationIsVisible = 0;
			defaultConfigurationName = Release;
		};
/* End XCConfigurationList section */

/* Begin XCRemoteSwiftPackageReference section */
		5D7076862BEC0E7B002D90AB /* XCRemoteSwiftPackageReference "Popup" */ = {
			isa = XCRemoteSwiftPackageReference;
			repositoryURL = "https://github.com/kuglee/Popup";
			requirement = {
				branch = main;
				kind = branch;
			};
		};
		5DEC0B472BEA702800A9E3A1 /* XCRemoteSwiftPackageReference "swift-composable-architecture" */ = {
			isa = XCRemoteSwiftPackageReference;
			repositoryURL = "https://github.com/pointfreeco/swift-composable-architecture";
			requirement = {
				kind = upToNextMajorVersion;
				minimumVersion = 1.10.2;
			};
		};
/* End XCRemoteSwiftPackageReference section */

/* Begin XCSwiftPackageProductDependency section */
		5D7076872BEC0E7B002D90AB /* Popup */ = {
			isa = XCSwiftPackageProductDependency;
			package = 5D7076862BEC0E7B002D90AB /* XCRemoteSwiftPackageReference "Popup" */;
			productName = Popup;
		};
		5DEC0B482BEA702800A9E3A1 /* ComposableArchitecture */ = {
			isa = XCSwiftPackageProductDependency;
			package = 5DEC0B472BEA702800A9E3A1 /* XCRemoteSwiftPackageReference "swift-composable-architecture" */;
			productName = ComposableArchitecture;
		};
/* End XCSwiftPackageProductDependency section */
	};
	rootObject = 5DEC0B2D2BEA700100A9E3A1 /* Project object */;
}
